
Microsoft Visual Studio Solution File, Format Version 12.00
# Visual Studio Version 17
VisualStudioVersion = 17.5.33516.290
MinimumVisualStudioVersion = 10.0.40219.1
Project("{FAE04EC0-301F-11D3-BF4B-00C04F79EFBC}") = "Libreria_FAOG", "Libreria_FAOG.csproj", "{ED60F781-CF7C-456E-8459-8512406BABA7}"
EndProject
Global
	GlobalSection(SolutionConfigurationPlatforms) = preSolution
		Debug|Any CPU = Debug|Any CPU
		Release|Any CPU = Release|Any CPU
	EndGlobalSection
	GlobalSection(ProjectConfigurationPlatforms) = postSolution
		{ED60F781-CF7C-456E-8459-8512406BABA7}.Debug|Any CPU.ActiveCfg = Debug|Any CPU
		{ED60F781-CF7C-456E-8459-8512406BABA7}.Debug|Any CPU.Build.0 = Debug|Any CPU
		{ED60F781-CF7C-456E-8459-8512406BABA7}.Release|Any CPU.ActiveCfg = Release|Any CPU
		{ED60F781-CF7C-456E-8459-8512406BABA7}.Release|Any CPU.Build.0 = Release|Any CPU
	EndGlobalSection
	GlobalSection(SolutionProperties) = preSolution
		HideSolutionNode = FALSE
	EndGlobalSection
	GlobalSection(ExtensibilityGlobals) = postSolution
		SolutionGuid = {27FEB2DF-0000-4F4F-98C8-A632F101E4D2}
	EndGlobalSection
EndGlobal
